{
  "requires": true,
  "lockfileVersion": 1,
  "dependencies": {
    "@reactivex/rxjs": {
      "version": "6.3.3",
      "resolved": "https://registry.npmjs.org/@reactivex/rxjs/-/rxjs-6.3.3.tgz",
      "integrity": "sha512-R81XuSYrXaSNjR8kwGN5jMJ6ACno61lrzRoObMuLTBa+1K6f0mbplu4q+l9NRWsmGcX3MsTV2v8CjYTt4aTCqg==",
      "requires": {
        "tslib": "^1.9.0"
      }
    },
    "@types/es6-promise": {
      "version": "3.3.0",
      "resolved": "https://registry.npmjs.org/@types/es6-promise/-/es6-promise-3.3.0.tgz",
      "integrity": "sha512-ixCIAEkLUKv9movnHKCzx2rzAJgEnSALDXPrOSSwOjWwXFs0ssSZKan+O2e3FExPPCbX+DfA9NcKsbvLuyUlNA==",
      "dev": true,
      "requires": {
        "es6-promise": "*"
      }
    },
    "es6-promise": {
      "version": "4.2.5",
      "resolved": "https://registry.npmjs.org/es6-promise/-/es6-promise-4.2.5.tgz",
      "integrity": "sha512-n6wvpdE43VFtJq+lUDYDBFUwV8TZbuGXLV4D6wKafg13ldznKsyEvatubnmUe31zcvelSzOHF+XbaT+Bl9ObDg==",
      "dev": true
    },
    "rxjs": {
      "version": "6.3.3",
      "resolved": "https://registry.npmjs.org/rxjs/-/rxjs-6.3.3.tgz",
      "integrity": "sha512-JTWmoY9tWCs7zvIk/CvRjhjGaOd+OVBM987mxFo+OW66cGpdKjZcpmc74ES1sB//7Kl/PAe8+wEakuhG4pcgOw==",
      "requires": {
        "tslib": "^1.9.0"
      }
    },
    "tslib": {
      "version": "1.9.3",
      "resolved": "https://registry.npmjs.org/tslib/-/tslib-1.9.3.tgz",
      "integrity": "sha512-4krF8scpejhaOgqzBEcGM7yDIEfi0/8+8zDRZhNZZ2kjmHJ4hv3zCbQWxoJGz1iw5U0Jl0nma13xzHXcncMavQ=="
    }
  }
}
